
Microsoft Visual Studio Solution File, Format Version 12.00
Project("{2150E333-8FDC-42A3-9474-1A3956D46DE8}") = "App", "App", "{0D808736-49F2-45C6-8C72-A68F901C4169}"
EndProject
Project("{FAE04EC0-301F-11D3-BF4B-00C04F79EFBC}") = "API", "src\App\API\API.csproj", "{14F927AF-0565-436B-8EB7-BED7C904BB90}"
EndProject
Project("{FAE04EC0-301F-11D3-BF4B-00C04F79EFBC}") = "Domain", "src\App\Domain\Domain.csproj", "{AF4121B3-17B1-4A74-AA3D-43707848CE24}"
EndProject
Project("{FAE04EC0-301F-11D3-BF4B-00C04F79EFBC}") = "Infrastructure", "src\App\Infrastructure\Infrastructure.csproj", "{5FA3DCC2-C5CA-4571-B351-90B798A9FF91}"
EndProject
Project("{2150E333-8FDC-42A3-9474-1A3956D46DE8}") = "Test", "Test", "{98181AA0-1893-45E6-94F5-4FFA19DFA704}"
EndProject
Project("{FAE04EC0-301F-11D3-BF4B-00C04F79EFBC}") = "Domain.UnitTests", "src\Test\Domain.UnitTests\Domain.UnitTests.csproj", "{AC0C3017-7838-45C2-B246-4F2D78EB1A53}"
EndProject
Global
	GlobalSection(SolutionConfigurationPlatforms) = preSolution
		Debug|Any CPU = Debug|Any CPU
		Release|Any CPU = Release|Any CPU
	EndGlobalSection
	GlobalSection(ProjectConfigurationPlatforms) = postSolution
		{6DBCC776-87F4-44EE-ABD3-DEEBE0580F06}.Debug|Any CPU.ActiveCfg = Debug|Any CPU
		{6DBCC776-87F4-44EE-ABD3-DEEBE0580F06}.Debug|Any CPU.Build.0 = Debug|Any CPU
		{6DBCC776-87F4-44EE-ABD3-DEEBE0580F06}.Release|Any CPU.ActiveCfg = Release|Any CPU
		{6DBCC776-87F4-44EE-ABD3-DEEBE0580F06}.Release|Any CPU.Build.0 = Release|Any CPU
		{14F927AF-0565-436B-8EB7-BED7C904BB90}.Debug|Any CPU.ActiveCfg = Debug|Any CPU
		{14F927AF-0565-436B-8EB7-BED7C904BB90}.Debug|Any CPU.Build.0 = Debug|Any CPU
		{14F927AF-0565-436B-8EB7-BED7C904BB90}.Release|Any CPU.ActiveCfg = Release|Any CPU
		{14F927AF-0565-436B-8EB7-BED7C904BB90}.Release|Any CPU.Build.0 = Release|Any CPU
		{AF4121B3-17B1-4A74-AA3D-43707848CE24}.Debug|Any CPU.ActiveCfg = Debug|Any CPU
		{AF4121B3-17B1-4A74-AA3D-43707848CE24}.Debug|Any CPU.Build.0 = Debug|Any CPU
		{AF4121B3-17B1-4A74-AA3D-43707848CE24}.Release|Any CPU.ActiveCfg = Release|Any CPU
		{AF4121B3-17B1-4A74-AA3D-43707848CE24}.Release|Any CPU.Build.0 = Release|Any CPU
		{5FA3DCC2-C5CA-4571-B351-90B798A9FF91}.Debug|Any CPU.ActiveCfg = Debug|Any CPU
		{5FA3DCC2-C5CA-4571-B351-90B798A9FF91}.Debug|Any CPU.Build.0 = Debug|Any CPU
		{5FA3DCC2-C5CA-4571-B351-90B798A9FF91}.Release|Any CPU.ActiveCfg = Release|Any CPU
		{5FA3DCC2-C5CA-4571-B351-90B798A9FF91}.Release|Any CPU.Build.0 = Release|Any CPU
		{AC0C3017-7838-45C2-B246-4F2D78EB1A53}.Debug|Any CPU.ActiveCfg = Debug|Any CPU
		{AC0C3017-7838-45C2-B246-4F2D78EB1A53}.Debug|Any CPU.Build.0 = Debug|Any CPU
		{AC0C3017-7838-45C2-B246-4F2D78EB1A53}.Release|Any CPU.ActiveCfg = Release|Any CPU
		{AC0C3017-7838-45C2-B246-4F2D78EB1A53}.Release|Any CPU.Build.0 = Release|Any CPU
	EndGlobalSection
	GlobalSection(NestedProjects) = preSolution
		{14F927AF-0565-436B-8EB7-BED7C904BB90} = {0D808736-49F2-45C6-8C72-A68F901C4169}
		{AF4121B3-17B1-4A74-AA3D-43707848CE24} = {0D808736-49F2-45C6-8C72-A68F901C4169}
		{5FA3DCC2-C5CA-4571-B351-90B798A9FF91} = {0D808736-49F2-45C6-8C72-A68F901C4169}
		{AC0C3017-7838-45C2-B246-4F2D78EB1A53} = {98181AA0-1893-45E6-94F5-4FFA19DFA704}
	EndGlobalSection
EndGlobal
